
Microsoft Visual Studio Solution File, Format Version 12.00
# Visual Studio Version 17
VisualStudioVersion = 17.2.32616.157
MinimumVisualStudioVersion = 10.0.40219.1
Project("{FAE04EC0-301F-11D3-BF4B-00C04F79EFBC}") = "JMV.WebApi", "JMV.WebApi\JMV.WebApi.csproj", "{D7788A9A-2893-4DAF-A50E-B6080569C31C}"
EndProject
Project("{FAE04EC0-301F-11D3-BF4B-00C04F79EFBC}") = "JMV.Manager", "JMV.Manager\JMV.Manager.csproj", "{90EF93EF-4220-4F5C-B547-99EBECB9CFAB}"
EndProject
Project("{FAE04EC0-301F-11D3-BF4B-00C04F79EFBC}") = "JMV.Data", "JMV.Data\JMV.Data.csproj", "{9B301FD7-D324-4AEC-A270-307CBF8ABD5C}"
EndProject
Project("{FAE04EC0-301F-11D3-BF4B-00C04F79EFBC}") = "JMV.Core", "JMV.Core\JMV.Core.csproj", "{8A35CE84-8DBE-4EFA-BD59-7D98D01FAB03}"
EndProject
Global
	GlobalSection(SolutionConfigurationPlatforms) = preSolution
		Debug|Any CPU = Debug|Any CPU
		Release|Any CPU = Release|Any CPU
	EndGlobalSection
	GlobalSection(ProjectConfigurationPlatforms) = postSolution
		{D7788A9A-2893-4DAF-A50E-B6080569C31C}.Debug|Any CPU.ActiveCfg = Debug|Any CPU
		{D7788A9A-2893-4DAF-A50E-B6080569C31C}.Debug|Any CPU.Build.0 = Debug|Any CPU
		{D7788A9A-2893-4DAF-A50E-B6080569C31C}.Release|Any CPU.ActiveCfg = Release|Any CPU
		{D7788A9A-2893-4DAF-A50E-B6080569C31C}.Release|Any CPU.Build.0 = Release|Any CPU
		{90EF93EF-4220-4F5C-B547-99EBECB9CFAB}.Debug|Any CPU.ActiveCfg = Debug|Any CPU
		{90EF93EF-4220-4F5C-B547-99EBECB9CFAB}.Debug|Any CPU.Build.0 = Debug|Any CPU
		{90EF93EF-4220-4F5C-B547-99EBECB9CFAB}.Release|Any CPU.ActiveCfg = Release|Any CPU
		{90EF93EF-4220-4F5C-B547-99EBECB9CFAB}.Release|Any CPU.Build.0 = Release|Any CPU
		{9B301FD7-D324-4AEC-A270-307CBF8ABD5C}.Debug|Any CPU.ActiveCfg = Debug|Any CPU
		{9B301FD7-D324-4AEC-A270-307CBF8ABD5C}.Debug|Any CPU.Build.0 = Debug|Any CPU
		{9B301FD7-D324-4AEC-A270-307CBF8ABD5C}.Release|Any CPU.ActiveCfg = Release|Any CPU
		{9B301FD7-D324-4AEC-A270-307CBF8ABD5C}.Release|Any CPU.Build.0 = Release|Any CPU
		{8A35CE84-8DBE-4EFA-BD59-7D98D01FAB03}.Debug|Any CPU.ActiveCfg = Debug|Any CPU
		{8A35CE84-8DBE-4EFA-BD59-7D98D01FAB03}.Debug|Any CPU.Build.0 = Debug|Any CPU
		{8A35CE84-8DBE-4EFA-BD59-7D98D01FAB03}.Release|Any CPU.ActiveCfg = Release|Any CPU
		{8A35CE84-8DBE-4EFA-BD59-7D98D01FAB03}.Release|Any CPU.Build.0 = Release|Any CPU
	EndGlobalSection
	GlobalSection(SolutionProperties) = preSolution
		HideSolutionNode = FALSE
	EndGlobalSection
	GlobalSection(ExtensibilityGlobals) = postSolution
		SolutionGuid = {BC53C3B6-C14F-47C8-8AC3-102A96EC9FA5}
	EndGlobalSection
EndGlobal
